{
  "pins" : [
    {
      "identity" : "gptencoder",
      "kind" : "remoteSourceControl",
      "location" : "https://github.com/alfianlosari/GPTEncoder.git",
      "state" : {
        "revision" : "a86968867ab4380e36b904a14c42215f71efe8b4",
        "version" : "1.0.4"
      }
    },
    {
      "identity" : "highlighterswift",
      "kind" : "remoteSourceControl",
      "location" : "https://github.com/alfianlosari/HighlighterSwift",
      "state" : {
        "branch" : "main",
        "revision" : "c15eea4e5e8f18b0a2d2173830fcaa250f742bc0"
      }
    },
    {
      "identity" : "swift-cmark",
      "kind" : "remoteSourceControl",
      "location" : "https://github.com/apple/swift-cmark.git",
      "state" : {
        "branch" : "gfm",
        "revision" : "6c7037758492a28593264aaa22ef659afa94e5bf"
      }
    },
    {
      "identity" : "swift-markdown",
      "kind" : "remoteSourceControl",
      "location" : "https://github.com/apple/swift-markdown",
      "state" : {
        "branch" : "main",
        "revision" : "40f7f858e01a6ca512d96088087ffa861861eee5"
      }
    }
  ],
  "version" : 2
}
